
Microsoft Visual Studio Solution File, Format Version 12.00
# Visual Studio Version 17
VisualStudioVersion = 17.0.31903.59
MinimumVisualStudioVersion = 10.0.40219.1
Project("{FAE04EC0-301F-11D3-BF4B-00C04F79EFBC}") = "FinanceDashboard.Domain", "FinanceDashboard.Domain\FinanceDashboard.Domain.csproj", "{C14D81AF-69C9-4D17-BC8A-0267BEFED9D2}"
EndProject
Project("{FAE04EC0-301F-11D3-BF4B-00C04F79EFBC}") = "FinanceDashboard.Application", "FinanceDashboard.Application\FinanceDashboard.Application.csproj", "{1BE66E35-8DC7-4D13-8048-674A00F8BF2F}"
EndProject
Project("{FAE04EC0-301F-11D3-BF4B-00C04F79EFBC}") = "FinanceDashboard.Infrastructure", "FinanceDashboard.Infrastructure\FinanceDashboard.Infrastructure.csproj", "{2F27DD94-AD84-4393-A18C-E159F38663B5}"
EndProject
Project("{FAE04EC0-301F-11D3-BF4B-00C04F79EFBC}") = "FinanceDashboard.API", "FinanceDashboard.API\FinanceDashboard.API.csproj", "{93F996BD-EE2D-47EE-8824-BC64FC8F39C7}"
EndProject
Global
	GlobalSection(SolutionConfigurationPlatforms) = preSolution
		Debug|Any CPU = Debug|Any CPU
		Release|Any CPU = Release|Any CPU
	EndGlobalSection
	GlobalSection(SolutionProperties) = preSolution
		HideSolutionNode = FALSE
	EndGlobalSection
	GlobalSection(ProjectConfigurationPlatforms) = postSolution
		{C14D81AF-69C9-4D17-BC8A-0267BEFED9D2}.Debug|Any CPU.ActiveCfg = Debug|Any CPU
		{C14D81AF-69C9-4D17-BC8A-0267BEFED9D2}.Debug|Any CPU.Build.0 = Debug|Any CPU
		{C14D81AF-69C9-4D17-BC8A-0267BEFED9D2}.Release|Any CPU.ActiveCfg = Release|Any CPU
		{C14D81AF-69C9-4D17-BC8A-0267BEFED9D2}.Release|Any CPU.Build.0 = Release|Any CPU
		{1BE66E35-8DC7-4D13-8048-674A00F8BF2F}.Debug|Any CPU.ActiveCfg = Debug|Any CPU
		{1BE66E35-8DC7-4D13-8048-674A00F8BF2F}.Debug|Any CPU.Build.0 = Debug|Any CPU
		{1BE66E35-8DC7-4D13-8048-674A00F8BF2F}.Release|Any CPU.ActiveCfg = Release|Any CPU
		{1BE66E35-8DC7-4D13-8048-674A00F8BF2F}.Release|Any CPU.Build.0 = Release|Any CPU
		{2F27DD94-AD84-4393-A18C-E159F38663B5}.Debug|Any CPU.ActiveCfg = Debug|Any CPU
		{2F27DD94-AD84-4393-A18C-E159F38663B5}.Debug|Any CPU.Build.0 = Debug|Any CPU
		{2F27DD94-AD84-4393-A18C-E159F38663B5}.Release|Any CPU.ActiveCfg = Release|Any CPU
		{2F27DD94-AD84-4393-A18C-E159F38663B5}.Release|Any CPU.Build.0 = Release|Any CPU
		{93F996BD-EE2D-47EE-8824-BC64FC8F39C7}.Debug|Any CPU.ActiveCfg = Debug|Any CPU
		{93F996BD-EE2D-47EE-8824-BC64FC8F39C7}.Debug|Any CPU.Build.0 = Debug|Any CPU
		{93F996BD-EE2D-47EE-8824-BC64FC8F39C7}.Release|Any CPU.ActiveCfg = Release|Any CPU
		{93F996BD-EE2D-47EE-8824-BC64FC8F39C7}.Release|Any CPU.Build.0 = Release|Any CPU
	EndGlobalSection
EndGlobal
